
Microsoft Visual Studio Solution File, Format Version 12.00
# Visual Studio 14
VisualStudioVersion = 14.0.24720.0
MinimumVisualStudioVersion = 10.0.40219.1
Project("{FAE04EC0-301F-11D3-BF4B-00C04F79EFBC}") = "03_type", "03_type\03_type.csproj", "{FF8AE47C-97DD-4CA3-B529-C33856AA7D97}"
EndProject
Global
	GlobalSection(SolutionConfigurationPlatforms) = preSolution
		Debug|Any CPU = Debug|Any CPU
		Release|Any CPU = Release|Any CPU
	EndGlobalSection
	GlobalSection(ProjectConfigurationPlatforms) = postSolution
		{FF8AE47C-97DD-4CA3-B529-C33856AA7D97}.Debug|Any CPU.ActiveCfg = Debug|Any CPU
		{FF8AE47C-97DD-4CA3-B529-C33856AA7D97}.Debug|Any CPU.Build.0 = Debug|Any CPU
		{FF8AE47C-97DD-4CA3-B529-C33856AA7D97}.Release|Any CPU.ActiveCfg = Release|Any CPU
		{FF8AE47C-97DD-4CA3-B529-C33856AA7D97}.Release|Any CPU.Build.0 = Release|Any CPU
	EndGlobalSection
	GlobalSection(SolutionProperties) = preSolution
		HideSolutionNode = FALSE
	EndGlobalSection
EndGlobal
